# This is a Gradle generated file for dependency locking.
# Manual edits can break the build and are not advised.
# This file is expected to be part of source control.
ch.qos.logback:logback-core:1.3.0-alpha5
edu.washington.cs.types.checker:checker-framework:1.7.0
org.apache.commons:commons-lang3:3.4
org.slf4j:slf4j-api:2.0.0-alpha1
